
Microsoft Visual Studio Solution File, Format Version 12.00
# Visual Studio Version 17
VisualStudioVersion = 17.8.0.0
MinimumVisualStudioVersion = 17.8.0.0
Project("{2150E333-8FDC-42A3-9474-1A3956D46DE8}") = "ApiService", "ApiService", "{A2645BAC-6F18-8273-BC04-AC71970FE89F}"
EndProject
Project("{2150E333-8FDC-42A3-9474-1A3956D46DE8}") = "WorkerService", "WorkerService", "{C7E09F1F-0BC7-7A84-CFD0-CBF7C6F8090D}"
EndProject
Project("{2150E333-8FDC-42A3-9474-1A3956D46DE8}") = "Aspire", "Aspire", "{64880D93-BAB4-FF83-898C-B934B68C31A9}"
EndProject
Project("{FAE04EC0-301F-11D3-BF4B-00C04F79EFBC}") = "LongRunningProcesses.ServiceDefaults", "Aspire\LongRunningProcesses.ServiceDefaults\LongRunningProcesses.ServiceDefaults.csproj", "{59DF63D0-5B18-4FC6-B120-8EB2DECDC416}"
EndProject
Project("{FAE04EC0-301F-11D3-BF4B-00C04F79EFBC}") = "LongRunningProcesses.AppHost", "Aspire\LongRunningProcesses.AppHost\LongRunningProcesses.AppHost.csproj", "{E5DA1452-1EF1-4AF8-909B-9B447F2DF817}"
EndProject
Project("{FAE04EC0-301F-11D3-BF4B-00C04F79EFBC}") = "LongRunningProcessesApi", "ApiService\LongRunningProcessesApi\LongRunningProcessesApi.csproj", "{14CD76D5-3F19-4070-93A9-C4CEAAFFEBD5}"
EndProject
Project("{FAE04EC0-301F-11D3-BF4B-00C04F79EFBC}") = "LongRunningProcessesWorker", "WorkerService\LongRunningProcessesWorker\LongRunningProcessesWorker.csproj", "{67326C84-6286-483F-9599-9C42C7A62494}"
EndProject
Project("{2150E333-8FDC-42A3-9474-1A3956D46DE8}") = "Shared", "Shared", "{4F52FD11-658E-A102-6CD3-7D7C16FFA15B}"
EndProject
Project("{FAE04EC0-301F-11D3-BF4B-00C04F79EFBC}") = "LongRunningProcesses.Dtos", "Shared\LongRunningProcesses.Dtos\LongRunningProcesses.Dtos.csproj", "{E30C0204-58D1-4C98-A452-E4ADD7571920}"
EndProject
Global
	GlobalSection(SolutionConfigurationPlatforms) = preSolution
		Debug|Any CPU = Debug|Any CPU
		Debug|x64 = Debug|x64
		Debug|x86 = Debug|x86
		Release|Any CPU = Release|Any CPU
		Release|x64 = Release|x64
		Release|x86 = Release|x86
	EndGlobalSection
	GlobalSection(ProjectConfigurationPlatforms) = postSolution
		{59DF63D0-5B18-4FC6-B120-8EB2DECDC416}.Debug|Any CPU.ActiveCfg = Debug|Any CPU
		{59DF63D0-5B18-4FC6-B120-8EB2DECDC416}.Debug|Any CPU.Build.0 = Debug|Any CPU
		{59DF63D0-5B18-4FC6-B120-8EB2DECDC416}.Debug|x64.ActiveCfg = Debug|Any CPU
		{59DF63D0-5B18-4FC6-B120-8EB2DECDC416}.Debug|x64.Build.0 = Debug|Any CPU
		{59DF63D0-5B18-4FC6-B120-8EB2DECDC416}.Debug|x86.ActiveCfg = Debug|Any CPU
		{59DF63D0-5B18-4FC6-B120-8EB2DECDC416}.Debug|x86.Build.0 = Debug|Any CPU
		{59DF63D0-5B18-4FC6-B120-8EB2DECDC416}.Release|Any CPU.ActiveCfg = Release|Any CPU
		{59DF63D0-5B18-4FC6-B120-8EB2DECDC416}.Release|Any CPU.Build.0 = Release|Any CPU
		{59DF63D0-5B18-4FC6-B120-8EB2DECDC416}.Release|x64.ActiveCfg = Release|Any CPU
		{59DF63D0-5B18-4FC6-B120-8EB2DECDC416}.Release|x64.Build.0 = Release|Any CPU
		{59DF63D0-5B18-4FC6-B120-8EB2DECDC416}.Release|x86.ActiveCfg = Release|Any CPU
		{59DF63D0-5B18-4FC6-B120-8EB2DECDC416}.Release|x86.Build.0 = Release|Any CPU
		{E5DA1452-1EF1-4AF8-909B-9B447F2DF817}.Debug|Any CPU.ActiveCfg = Debug|Any CPU
		{E5DA1452-1EF1-4AF8-909B-9B447F2DF817}.Debug|Any CPU.Build.0 = Debug|Any CPU
		{E5DA1452-1EF1-4AF8-909B-9B447F2DF817}.Debug|x64.ActiveCfg = Debug|Any CPU
		{E5DA1452-1EF1-4AF8-909B-9B447F2DF817}.Debug|x64.Build.0 = Debug|Any CPU
		{E5DA1452-1EF1-4AF8-909B-9B447F2DF817}.Debug|x86.ActiveCfg = Debug|Any CPU
		{E5DA1452-1EF1-4AF8-909B-9B447F2DF817}.Debug|x86.Build.0 = Debug|Any CPU
		{E5DA1452-1EF1-4AF8-909B-9B447F2DF817}.Release|Any CPU.ActiveCfg = Release|Any CPU
		{E5DA1452-1EF1-4AF8-909B-9B447F2DF817}.Release|Any CPU.Build.0 = Release|Any CPU
		{E5DA1452-1EF1-4AF8-909B-9B447F2DF817}.Release|x64.ActiveCfg = Release|Any CPU
		{E5DA1452-1EF1-4AF8-909B-9B447F2DF817}.Release|x64.Build.0 = Release|Any CPU
		{E5DA1452-1EF1-4AF8-909B-9B447F2DF817}.Release|x86.ActiveCfg = Release|Any CPU
		{E5DA1452-1EF1-4AF8-909B-9B447F2DF817}.Release|x86.Build.0 = Release|Any CPU
		{14CD76D5-3F19-4070-93A9-C4CEAAFFEBD5}.Debug|Any CPU.ActiveCfg = Debug|Any CPU
		{14CD76D5-3F19-4070-93A9-C4CEAAFFEBD5}.Debug|Any CPU.Build.0 = Debug|Any CPU
		{14CD76D5-3F19-4070-93A9-C4CEAAFFEBD5}.Debug|x64.ActiveCfg = Debug|Any CPU
		{14CD76D5-3F19-4070-93A9-C4CEAAFFEBD5}.Debug|x64.Build.0 = Debug|Any CPU
		{14CD76D5-3F19-4070-93A9-C4CEAAFFEBD5}.Debug|x86.ActiveCfg = Debug|Any CPU
		{14CD76D5-3F19-4070-93A9-C4CEAAFFEBD5}.Debug|x86.Build.0 = Debug|Any CPU
		{14CD76D5-3F19-4070-93A9-C4CEAAFFEBD5}.Release|Any CPU.ActiveCfg = Release|Any CPU
		{14CD76D5-3F19-4070-93A9-C4CEAAFFEBD5}.Release|Any CPU.Build.0 = Release|Any CPU
		{14CD76D5-3F19-4070-93A9-C4CEAAFFEBD5}.Release|x64.ActiveCfg = Release|Any CPU
		{14CD76D5-3F19-4070-93A9-C4CEAAFFEBD5}.Release|x64.Build.0 = Release|Any CPU
		{14CD76D5-3F19-4070-93A9-C4CEAAFFEBD5}.Release|x86.ActiveCfg = Release|Any CPU
		{14CD76D5-3F19-4070-93A9-C4CEAAFFEBD5}.Release|x86.Build.0 = Release|Any CPU
		{67326C84-6286-483F-9599-9C42C7A62494}.Debug|Any CPU.ActiveCfg = Debug|Any CPU
		{67326C84-6286-483F-9599-9C42C7A62494}.Debug|Any CPU.Build.0 = Debug|Any CPU
		{67326C84-6286-483F-9599-9C42C7A62494}.Debug|x64.ActiveCfg = Debug|Any CPU
		{67326C84-6286-483F-9599-9C42C7A62494}.Debug|x64.Build.0 = Debug|Any CPU
		{67326C84-6286-483F-9599-9C42C7A62494}.Debug|x86.ActiveCfg = Debug|Any CPU
		{67326C84-6286-483F-9599-9C42C7A62494}.Debug|x86.Build.0 = Debug|Any CPU
		{67326C84-6286-483F-9599-9C42C7A62494}.Release|Any CPU.ActiveCfg = Release|Any CPU
		{67326C84-6286-483F-9599-9C42C7A62494}.Release|Any CPU.Build.0 = Release|Any CPU
		{67326C84-6286-483F-9599-9C42C7A62494}.Release|x64.ActiveCfg = Release|Any CPU
		{67326C84-6286-483F-9599-9C42C7A62494}.Release|x64.Build.0 = Release|Any CPU
		{67326C84-6286-483F-9599-9C42C7A62494}.Release|x86.ActiveCfg = Release|Any CPU
		{67326C84-6286-483F-9599-9C42C7A62494}.Release|x86.Build.0 = Release|Any CPU
		{E30C0204-58D1-4C98-A452-E4ADD7571920}.Debug|Any CPU.ActiveCfg = Debug|Any CPU
		{E30C0204-58D1-4C98-A452-E4ADD7571920}.Debug|Any CPU.Build.0 = Debug|Any CPU
		{E30C0204-58D1-4C98-A452-E4ADD7571920}.Debug|x64.ActiveCfg = Debug|Any CPU
		{E30C0204-58D1-4C98-A452-E4ADD7571920}.Debug|x64.Build.0 = Debug|Any CPU
		{E30C0204-58D1-4C98-A452-E4ADD7571920}.Debug|x86.ActiveCfg = Debug|Any CPU
		{E30C0204-58D1-4C98-A452-E4ADD7571920}.Debug|x86.Build.0 = Debug|Any CPU
		{E30C0204-58D1-4C98-A452-E4ADD7571920}.Release|Any CPU.ActiveCfg = Release|Any CPU
		{E30C0204-58D1-4C98-A452-E4ADD7571920}.Release|Any CPU.Build.0 = Release|Any CPU
		{E30C0204-58D1-4C98-A452-E4ADD7571920}.Release|x64.ActiveCfg = Release|Any CPU
		{E30C0204-58D1-4C98-A452-E4ADD7571920}.Release|x64.Build.0 = Release|Any CPU
		{E30C0204-58D1-4C98-A452-E4ADD7571920}.Release|x86.ActiveCfg = Release|Any CPU
		{E30C0204-58D1-4C98-A452-E4ADD7571920}.Release|x86.Build.0 = Release|Any CPU
	EndGlobalSection
	GlobalSection(SolutionProperties) = preSolution
		HideSolutionNode = FALSE
	EndGlobalSection
	GlobalSection(NestedProjects) = preSolution
		{59DF63D0-5B18-4FC6-B120-8EB2DECDC416} = {64880D93-BAB4-FF83-898C-B934B68C31A9}
		{E5DA1452-1EF1-4AF8-909B-9B447F2DF817} = {64880D93-BAB4-FF83-898C-B934B68C31A9}
		{14CD76D5-3F19-4070-93A9-C4CEAAFFEBD5} = {A2645BAC-6F18-8273-BC04-AC71970FE89F}
		{67326C84-6286-483F-9599-9C42C7A62494} = {C7E09F1F-0BC7-7A84-CFD0-CBF7C6F8090D}
		{E30C0204-58D1-4C98-A452-E4ADD7571920} = {4F52FD11-658E-A102-6CD3-7D7C16FFA15B}
	EndGlobalSection
	GlobalSection(ExtensibilityGlobals) = postSolution
		SolutionGuid = {82834AED-EF6E-4393-B4CC-8C1601FA6262}
	EndGlobalSection
EndGlobal
